
Microsoft Visual Studio Solution File, Format Version 12.00
# Visual Studio 2013
VisualStudioVersion = 12.0.21005.1
MinimumVisualStudioVersion = 10.0.40219.1
Project("{FAE04EC0-301F-11D3-BF4B-00C04F79EFBC}") = "SQLTabletoClass", "SQLTabletoClass\SQLTabletoClass.csproj", "{D16BE793-1D20-4B41-A8D8-DED6541C33FE}"
EndProject
Global
	GlobalSection(SolutionConfigurationPlatforms) = preSolution
		Debug|Any CPU = Debug|Any CPU
		Release|Any CPU = Release|Any CPU
	EndGlobalSection
	GlobalSection(ProjectConfigurationPlatforms) = postSolution
		{D16BE793-1D20-4B41-A8D8-DED6541C33FE}.Debug|Any CPU.ActiveCfg = Debug|Any CPU
		{D16BE793-1D20-4B41-A8D8-DED6541C33FE}.Debug|Any CPU.Build.0 = Debug|Any CPU
		{D16BE793-1D20-4B41-A8D8-DED6541C33FE}.Release|Any CPU.ActiveCfg = Release|Any CPU
		{D16BE793-1D20-4B41-A8D8-DED6541C33FE}.Release|Any CPU.Build.0 = Release|Any CPU
	EndGlobalSection
	GlobalSection(SolutionProperties) = preSolution
		HideSolutionNode = FALSE
	EndGlobalSection
EndGlobal
